// !$*UTF8*$!
{
	archiveVersion = 1;
	classes = {
	};
	objectVersion = 46;
	objects = {

/* Begin PBXBuildFile section */
		D7F09A071E9D402D0050A301 /* AppDelegate.swift in Sources */ = {isa = PBXBuildFile; fileRef = D7F09A061E9D402D0050A301 /* AppDelegate.swift */; };
		D7F09A091E9D402D0050A301 /* ViewController.swift in Sources */ = {isa = PBXBuildFile; fileRef = D7F09A081E9D402D0050A301 /* ViewController.swift */; };
		D7F09A0C1E9D402D0050A301 /* Main.storyboard in Resources */ = {isa = PBXBuildFile; fileRef = D7F09A0A1E9D402D0050A301 /* Main.storyboard */; };
		D7F09A0E1E9D402D0050A301 /* Assets.xcassets in Resources */ = {isa = PBXBuildFile; fileRef = D7F09A0D1E9D402D0050A301 /* Assets.xcassets */; };
		D7F09A111E9D402D0050A301 /* LaunchScreen.storyboard in Resources */ = {isa = PBXBuildFile; fileRef = D7F09A0F1E9D402D0050A301 /* LaunchScreen.storyboard */; };
		D7F09A1C1E9D402E0050A301 /* FB_search2Tests.swift in Sources */ = {isa = PBXBuildFile; fileRef = D7F09A1B1E9D402E0050A301 /* FB_search2Tests.swift */; };
		D7F09A271E9D402E0050A301 /* FB_search2UITests.swift in Sources */ = {isa = PBXBuildFile; fileRef = D7F09A261E9D402E0050A301 /* FB_search2UITests.swift */; };
/* End PBXBuildFile section */

/* Begin PBXContainerItemProxy section */
		D7F09A181E9D402E0050A301 /* PBXContainerItemProxy */ = {
			isa = PBXContainerItemProxy;
			containerPortal = D7F099FB1E9D402D0050A301 /* Project object */;
			proxyType = 1;
			remoteGlobalIDString = D7F09A021E9D402D0050A301;
			remoteInfo = FB_search2;
		};
		D7F09A231E9D402E0050A301 /* PBXContainerItemProxy */ = {
			isa = PBXContainerItemProxy;
			containerPortal = D7F099FB1E9D402D0050A301 /* Project object */;
			proxyType = 1;
			remoteGlobalIDString = D7F09A021E9D402D0050A301;
			remoteInfo = FB_search2;
		};
/* End PBXContainerItemProxy section */

/* Begin PBXFileReference section */
		D7F09A031E9D402D0050A301 /* FB_search2.app */ = {isa = PBXFileReference; explicitFileType = wrapper.application; includeInIndex = 0; path = FB_search2.app; sourceTree = BUILT_PRODUCTS_DIR; };
		D7F09A061E9D402D0050A301 /* AppDelegate.swift */ = {isa = PBXFileReference; lastKnownFileType = sourcecode.swift; path = AppDelegate.swift; sourceTree = "<group>"; };
		D7F09A081E9D402D0050A301 /* ViewController.swift */ = {isa = PBXFileReference; lastKnownFileType = sourcecode.swift; path = ViewController.swift; sourceTree = "<group>"; };
		D7F09A0B1E9D402D0050A301 /* Base */ = {isa = PBXFileReference; lastKnownFileType = file.storyboard; name = Base; path = Base.lproj/Main.storyboard; sourceTree = "<group>"; };
		D7F09A0D1E9D402D0050A301 /* Assets.xcassets */ = {isa = PBXFileReference; lastKnownFileType = folder.assetcatalog; path = Assets.xcassets; sourceTree = "<group>"; };
		D7F09A101E9D402D0050A301 /* Base */ = {isa = PBXFileReference; lastKnownFileType = file.storyboard; name = Base; path = Base.lproj/LaunchScreen.storyboard; sourceTree = "<group>"; };
		D7F09A121E9D402D0050A301 /* Info.plist */ = {isa = PBXFileReference; lastKnownFileType = text.plist.xml; path = Info.plist; sourceTree = "<group>"; };
		D7F09A171E9D402D0050A301 /* FB_search2Tests.xctest */ = {isa = PBXFileReference; explicitFileType = wrapper.cfbundle; includeInIndex = 0; path = FB_search2Tests.xctest; sourceTree = BUILT_PRODUCTS_DIR; };
		D7F09A1B1E9D402E0050A301 /* FB_search2Tests.swift */ = {isa = PBXFileReference; lastKnownFileType = sourcecode.swift; path = FB_search2Tests.swift; sourceTree = "<group>"; };
		D7F09A1D1E9D402E0050A301 /* Info.plist */ = {isa = PBXFileReference; lastKnownFileType = text.plist.xml; path = Info.plist; sourceTree = "<group>"; };
		D7F09A221E9D402E0050A301 /* FB_search2UITests.xctest */ = {isa = PBXFileReference; explicitFileType = wrapper.cfbundle; includeInIndex = 0; path = FB_search2UITests.xctest; sourceTree = BUILT_PRODUCTS_DIR; };
		D7F09A261E9D402E0050A301 /* FB_search2UITests.swift */ = {isa = PBXFileReference; lastKnownFileType = sourcecode.swift; path = FB_search2UITests.swift; sourceTree = "<group>"; };
		D7F09A281E9D402E0050A301 /* Info.plist */ = {isa = PBXFileReference; lastKnownFileType = text.plist.xml; path = Info.plist; sourceTree = "<group>"; };
/* End PBXFileReference section */

/* Begin PBXFrameworksBuildPhase section */
		D7F09A001E9D402D0050A301 /* Frameworks */ = {
			isa = PBXFrameworksBuildPhase;
			buildActionMask = 2147483647;
			files = (
			);
			runOnlyForDeploymentPostprocessing = 0;
		};
		D7F09A141E9D402D0050A301 /* Frameworks */ = {
			isa = PBXFrameworksBuildPhase;
			buildActionMask = 2147483647;
			files = (
			);
			runOnlyForDeploymentPostprocessing = 0;
		};
		D7F09A1F1E9D402E0050A301 /* Frameworks */ = {
			isa = PBXFrameworksBuildPhase;
			buildActionMask = 2147483647;
			files = (
			);
			runOnlyForDeploymentPostprocessing = 0;
		};
/* End PBXFrameworksBuildPhase section */

/* Begin PBXGroup section */
		D7F099FA1E9D402D0050A301 = {
			isa = PBXGroup;
			children = (
				D7F09A051E9D402D0050A301 /* FB_search2 */,
				D7F09A1A1E9D402E0050A301 /* FB_search2Tests */,
				D7F09A251E9D402E0050A301 /* FB_search2UITests */,
				D7F09A041E9D402D0050A301 /* Products */,
			);
			sourceTree = "<group>";
		};
		D7F09A041E9D402D0050A301 /* Products */ = {
			isa = PBXGroup;
			children = (
				D7F09A031E9D402D0050A301 /* FB_search2.app */,
				D7F09A171E9D402D0050A301 /* FB_search2Tests.xctest */,
				D7F09A221E9D402E0050A301 /* FB_search2UITests.xctest */,
			);
			name = Products;
			sourceTree = "<group>";
		};
		D7F09A051E9D402D0050A301 /* FB_search2 */ = {
			isa = PBXGroup;
			children = (
				D7F09A061E9D402D0050A301 /* AppDelegate.swift */,
				D7F09A081E9D402D0050A301 /* ViewController.swift */,
				D7F09A0A1E9D402D0050A301 /* Main.storyboard */,
				D7F09A0D1E9D402D0050A301 /* Assets.xcassets */,
				D7F09A0F1E9D402D0050A301 /* LaunchScreen.storyboard */,
				D7F09A121E9D402D0050A301 /* Info.plist */,
			);
			path = FB_search2;
			sourceTree = "<group>";
		};
		D7F09A1A1E9D402E0050A301 /* FB_search2Tests */ = {
			isa = PBXGroup;
			children = (
				D7F09A1B1E9D402E0050A301 /* FB_search2Tests.swift */,
				D7F09A1D1E9D402E0050A301 /* Info.plist */,
			);
			path = FB_search2Tests;
			sourceTree = "<group>";
		};
		D7F09A251E9D402E0050A301 /* FB_search2UITests */ = {
			isa = PBXGroup;
			children = (
				D7F09A261E9D402E0050A301 /* FB_search2UITests.swift */,
				D7F09A281E9D402E0050A301 /* Info.plist */,
			);
			path = FB_search2UITests;
			sourceTree = "<group>";
		};
/* End PBXGroup section */

/* Begin PBXNativeTarget section */
		D7F09A021E9D402D0050A301 /* FB_search2 */ = {
			isa = PBXNativeTarget;
			buildConfigurationList = D7F09A2B1E9D402E0050A301 /* Build configuration list for PBXNativeTarget "FB_search2" */;
			buildPhases = (
				D7F099FF1E9D402D0050A301 /* Sources */,
				D7F09A001E9D402D0050A301 /* Frameworks */,
				D7F09A011E9D402D0050A301 /* Resources */,
			);
			buildRules = (
			);
			dependencies = (
			);
			name = FB_search2;
			productName = FB_search2;
			productReference = D7F09A031E9D402D0050A301 /* FB_search2.app */;
			productType = "com.apple.product-type.application";
		};
		D7F09A161E9D402D0050A301 /* FB_search2Tests */ = {
			isa = PBXNativeTarget;
			buildConfigurationList = D7F09A2E1E9D402E0050A301 /* Build configuration list for PBXNativeTarget "FB_search2Tests" */;
			buildPhases = (
				D7F09A131E9D402D0050A301 /* Sources */,
				D7F09A141E9D402D0050A301 /* Frameworks */,
				D7F09A151E9D402D0050A301 /* Resources */,
			);
			buildRules = (
			);
			dependencies = (
				D7F09A191E9D402E0050A301 /* PBXTargetDependency */,
			);
			name = FB_search2Tests;
			productName = FB_search2Tests;
			productReference = D7F09A171E9D402D0050A301 /* FB_search2Tests.xctest */;
			productType = "com.apple.product-type.bundle.unit-test";
		};
		D7F09A211E9D402E0050A301 /* FB_search2UITests */ = {
			isa = PBXNativeTarget;
			buildConfigurationList = D7F09A311E9D402E0050A301 /* Build configuration list for PBXNativeTarget "FB_search2UITests" */;
			buildPhases = (
				D7F09A1E1E9D402E0050A301 /* Sources */,
				D7F09A1F1E9D402E0050A301 /* Frameworks */,
				D7F09A201E9D402E0050A301 /* Resources */,
			);
			buildRules = (
			);
			dependencies = (
				D7F09A241E9D402E0050A301 /* PBXTargetDependency */,
			);
			name = FB_search2UITests;
			productName = FB_search2UITests;
			productReference = D7F09A221E9D402E0050A301 /* FB_search2UITests.xctest */;
			productType = "com.apple.product-type.bundle.ui-testing";
		};
/* End PBXNativeTarget section */

/* Begin PBXProject section */
		D7F099FB1E9D402D0050A301 /* Project object */ = {
			isa = PBXProject;
			attributes = {
				LastSwiftUpdateCheck = 0820;
				LastUpgradeCheck = 0820;
				ORGANIZATIONNAME = "pallavi alse";
				TargetAttributes = {
					D7F09A021E9D402D0050A301 = {
						CreatedOnToolsVersion = 8.2.1;
						DevelopmentTeam = Z2A3M2A37L;
						ProvisioningStyle = Automatic;
					};
					D7F09A161E9D402D0050A301 = {
						CreatedOnToolsVersion = 8.2.1;
						DevelopmentTeam = Z2A3M2A37L;
						ProvisioningStyle = Automatic;
						TestTargetID = D7F09A021E9D402D0050A301;
					};
					D7F09A211E9D402E0050A301 = {
						CreatedOnToolsVersion = 8.2.1;
						DevelopmentTeam = Z2A3M2A37L;
						ProvisioningStyle = Automatic;
						TestTargetID = D7F09A021E9D402D0050A301;
					};
				};
			};
			buildConfigurationList = D7F099FE1E9D402D0050A301 /* Build configuration list for PBXProject "FB_search2" */;
			compatibilityVersion = "Xcode 3.2";
			developmentRegion = English;
			hasScannedForEncodings = 0;
			knownRegions = (
				en,
				Base,
			);
			mainGroup = D7F099FA1E9D402D0050A301;
			productRefGroup = D7F09A041E9D402D0050A301 /* Products */;
			projectDirPath = "";
			projectRoot = "";
			targets = (
				D7F09A021E9D402D0050A301 /* FB_search2 */,
				D7F09A161E9D402D0050A301 /* FB_search2Tests */,
				D7F09A211E9D402E0050A301 /* FB_search2UITests */,
			);
		};
/* End PBXProject section */

/* Begin PBXResourcesBuildPhase section */
		D7F09A011E9D402D0050A301 /* Resources */ = {
			isa = PBXResourcesBuildPhase;
			buildActionMask = 2147483647;
			files = (
				D7F09A111E9D402D0050A301 /* LaunchScreen.storyboard in Resources */,
				D7F09A0E1E9D402D0050A301 /* Assets.xcassets in Resources */,
				D7F09A0C1E9D402D0050A301 /* Main.storyboard in Resources */,
			);
			runOnlyForDeploymentPostprocessing = 0;
		};
		D7F09A151E9D402D0050A301 /* Resources */ = {
			isa = PBXResourcesBuildPhase;
			buildActionMask = 2147483647;
			files = (
			);
			runOnlyForDeploymentPostprocessing = 0;
		};
		D7F09A201E9D402E0050A301 /* Resources */ = {
			isa = PBXResourcesBuildPhase;
			buildActionMask = 2147483647;
			files = (
			);
			runOnlyForDeploymentPostprocessing = 0;
		};
/* End PBXResourcesBuildPhase section */

/* Begin PBXSourcesBuildPhase section */
		D7F099FF1E9D402D0050A301 /* Sources */ = {
			isa = PBXSourcesBuildPhase;
			buildActionMask = 2147483647;
			files = (
				D7F09A091E9D402D0050A301 /* ViewController.swift in Sources */,
				D7F09A071E9D402D0050A301 /* AppDelegate.swift in Sources */,
			);
			runOnlyForDeploymentPostprocessing = 0;
		};
		D7F09A131E9D402D0050A301 /* Sources */ = {
			isa = PBXSourcesBuildPhase;
			buildActionMask = 2147483647;
			files = (
				D7F09A1C1E9D402E0050A301 /* FB_search2Tests.swift in Sources */,
			);
			runOnlyForDeploymentPostprocessing = 0;
		};
		D7F09A1E1E9D402E0050A301 /* Sources */ = {
			isa = PBXSourcesBuildPhase;
			buildActionMask = 2147483647;
			files = (
				D7F09A271E9D402E0050A301 /* FB_search2UITests.swift in Sources */,
			);
			runOnlyForDeploymentPostprocessing = 0;
		};
/* End PBXSourcesBuildPhase section */

/* Begin PBXTargetDependency section */
		D7F09A191E9D402E0050A301 /* PBXTargetDependency */ = {
			isa = PBXTargetDependency;
			target = D7F09A021E9D402D0050A301 /* FB_search2 */;
			targetProxy = D7F09A181E9D402E0050A301 /* PBXContainerItemProxy */;
		};
		D7F09A241E9D402E0050A301 /* PBXTargetDependency */ = {
			isa = PBXTargetDependency;
			target = D7F09A021E9D402D0050A301 /* FB_search2 */;
			targetProxy = D7F09A231E9D402E0050A301 /* PBXContainerItemProxy */;
		};
/* End PBXTargetDependency section */

/* Begin PBXVariantGroup section */
		D7F09A0A1E9D402D0050A301 /* Main.storyboard */ = {
			isa = PBXVariantGroup;
			children = (
				D7F09A0B1E9D402D0050A301 /* Base */,
			);
			name = Main.storyboard;
			sourceTree = "<group>";
		};
		D7F09A0F1E9D402D0050A301 /* LaunchScreen.storyboard */ = {
			isa = PBXVariantGroup;
			children = (
				D7F09A101E9D402D0050A301 /* Base */,
			);
			name = LaunchScreen.storyboard;
			sourceTree = "<group>";
		};
/* End PBXVariantGroup section */

/* Begin XCBuildConfiguration section */
		D7F09A291E9D402E0050A301 /* Debug */ = {
			isa = XCBuildConfiguration;
			buildSettings = {
				ALWAYS_SEARCH_USER_PATHS = NO;
				CLANG_ANALYZER_NONNULL = YES;
				CLANG_CXX_LANGUAGE_STANDARD = "gnu++0x";
				CLANG_CXX_LIBRARY = "libc++";
				CLANG_ENABLE_MODULES = YES;
				CLANG_ENABLE_OBJC_ARC = YES;
				CLANG_WARN_BOOL_CONVERSION = YES;
				CLANG_WARN_CONSTANT_CONVERSION = YES;
				CLANG_WARN_DIRECT_OBJC_ISA_USAGE = YES_ERROR;
				CLANG_WARN_DOCUMENTATION_COMMENTS = YES;
				CLANG_WARN_EMPTY_BODY = YES;
				CLANG_WARN_ENUM_CONVERSION = YES;
				CLANG_WARN_INFINITE_RECURSION = YES;
				CLANG_WARN_INT_CONVERSION = YES;
				CLANG_WARN_OBJC_ROOT_CLASS = YES_ERROR;
				CLANG_WARN_SUSPICIOUS_MOVE = YES;
				CLANG_WARN_UNREACHABLE_CODE = YES;
				CLANG_WARN__DUPLICATE_METHOD_MATCH = YES;
				"CODE_SIGN_IDENTITY[sdk=iphoneos*]" = "iPhone Developer";
				COPY_PHASE_STRIP = NO;
				DEBUG_INFORMATION_FORMAT = dwarf;
				ENABLE_STRICT_OBJC_MSGSEND = YES;
				ENABLE_TESTABILITY = YES;
				GCC_C_LANGUAGE_STANDARD = gnu99;
				GCC_DYNAMIC_NO_PIC = NO;
				GCC_NO_COMMON_BLOCKS = YES;
				GCC_OPTIMIZATION_LEVEL = 0;
				GCC_PREPROCESSOR_DEFINITIONS = (
					"DEBUG=1",
					"$(inherited)",
				);
				GCC_WARN_64_TO_32_BIT_CONVERSION = YES;
				GCC_WARN_ABOUT_RETURN_TYPE = YES_ERROR;
				GCC_WARN_UNDECLARED_SELECTOR = YES;
				GCC_WARN_UNINITIALIZED_AUTOS = YES_AGGRESSIVE;
				GCC_WARN_UNUSED_FUNCTION = YES;
				GCC_WARN_UNUSED_VARIABLE = YES;
				IPHONEOS_DEPLOYMENT_TARGET = 10.2;
				MTL_ENABLE_DEBUG_INFO = YES;
				ONLY_ACTIVE_ARCH = YES;
				SDKROOT = iphoneos;
				SWIFT_ACTIVE_COMPILATION_CONDITIONS = DEBUG;
				SWIFT_OPTIMIZATION_LEVEL = "-Onone";
				TARGETED_DEVICE_FAMILY = "1,2";
			};
			name = Debug;
		};
		D7F09A2A1E9D402E0050A301 /* Release */ = {
			isa = XCBuildConfiguration;
			buildSettings = {
				ALWAYS_SEARCH_USER_PATHS = NO;
				CLANG_ANALYZER_NONNULL = YES;
				CLANG_CXX_LANGUAGE_STANDARD = "gnu++0x";
				CLANG_CXX_LIBRARY = "libc++";
				CLANG_ENABLE_MODULES = YES;
				CLANG_ENABLE_OBJC_ARC = YES;
				CLANG_WARN_BOOL_CONVERSION = YES;
				CLANG_WARN_CONSTANT_CONVERSION = YES;
				CLANG_WARN_DIRECT_OBJC_ISA_USAGE = YES_ERROR;
				CLANG_WARN_DOCUMENTATION_COMMENTS = YES;
				CLANG_WARN_EMPTY_BODY = YES;
				CLANG_WARN_ENUM_CONVERSION = YES;
				CLANG_WARN_INFINITE_RECURSION = YES;
				CLANG_WARN_INT_CONVERSION = YES;
				CLANG_WARN_OBJC_ROOT_CLASS = YES_ERROR;
				CLANG_WARN_SUSPICIOUS_MOVE = YES;
				CLANG_WARN_UNREACHABLE_CODE = YES;
				CLANG_WARN__DUPLICATE_METHOD_MATCH = YES;
				"CODE_SIGN_IDENTITY[sdk=iphoneos*]" = "iPhone Developer";
				COPY_PHASE_STRIP = NO;
				DEBUG_INFORMATION_FORMAT = "dwarf-with-dsym";
				ENABLE_NS_ASSERTIONS = NO;
				ENABLE_STRICT_OBJC_MSGSEND = YES;
				GCC_C_LANGUAGE_STANDARD = gnu99;
				GCC_NO_COMMON_BLOCKS = YES;
				GCC_WARN_64_TO_32_BIT_CONVERSION = YES;
				GCC_WARN_ABOUT_RETURN_TYPE = YES_ERROR;
				GCC_WARN_UNDECLARED_SELECTOR = YES;
				GCC_WARN_UNINITIALIZED_AUTOS = YES_AGGRESSIVE;
				GCC_WARN_UNUSED_FUNCTION = YES;
				GCC_WARN_UNUSED_VARIABLE = YES;
				IPHONEOS_DEPLOYMENT_TARGET = 10.2;
				MTL_ENABLE_DEBUG_INFO = NO;
				SDKROOT = iphoneos;
				SWIFT_OPTIMIZATION_LEVEL = "-Owholemodule";
				TARGETED_DEVICE_FAMILY = "1,2";
				VALIDATE_PRODUCT = YES;
			};
			name = Release;
		};
		D7F09A2C1E9D402E0050A301 /* Debug */ = {
			isa = XCBuildConfiguration;
			buildSettings = {
				ASSETCATALOG_COMPILER_APPICON_NAME = AppIcon;
				DEVELOPMENT_TEAM = Z2A3M2A37L;
				INFOPLIST_FILE = FB_search2/Info.plist;
				LD_RUNPATH_SEARCH_PATHS = "$(inherited) @executable_path/Frameworks";
				PRODUCT_BUNDLE_IDENTIFIER = "self.FB-search2";
				PRODUCT_NAME = "$(TARGET_NAME)";
				SWIFT_VERSION = 3.0;
			};
			name = Debug;
		};
		D7F09A2D1E9D402E0050A301 /* Release */ = {
			isa = XCBuildConfiguration;
			buildSettings = {
				ASSETCATALOG_COMPILER_APPICON_NAME = AppIcon;
				DEVELOPMENT_TEAM = Z2A3M2A37L;
				INFOPLIST_FILE = FB_search2/Info.plist;
				LD_RUNPATH_SEARCH_PATHS = "$(inherited) @executable_path/Frameworks";
				PRODUCT_BUNDLE_IDENTIFIER = "self.FB-search2";
				PRODUCT_NAME = "$(TARGET_NAME)";
				SWIFT_VERSION = 3.0;
			};
			name = Release;
		};
		D7F09A2F1E9D402E0050A301 /* Debug */ = {
			isa = XCBuildConfiguration;
			buildSettings = {
				ALWAYS_EMBED_SWIFT_STANDARD_LIBRARIES = YES;
				BUNDLE_LOADER = "$(TEST_HOST)";
				DEVELOPMENT_TEAM = Z2A3M2A37L;
				INFOPLIST_FILE = FB_search2Tests/Info.plist;
				LD_RUNPATH_SEARCH_PATHS = "$(inherited) @executable_path/Frameworks @loader_path/Frameworks";
				PRODUCT_BUNDLE_IDENTIFIER = "self.FB-search2Tests";
				PRODUCT_NAME = "$(TARGET_NAME)";
				SWIFT_VERSION = 3.0;
				TEST_HOST = "$(BUILT_PRODUCTS_DIR)/FB_search2.app/FB_search2";
			};
			name = Debug;
		};
		D7F09A301E9D402E0050A301 /* Release */ = {
			isa = XCBuildConfiguration;
			buildSettings = {
				ALWAYS_EMBED_SWIFT_STANDARD_LIBRARIES = YES;
				BUNDLE_LOADER = "$(TEST_HOST)";
				DEVELOPMENT_TEAM = Z2A3M2A37L;
				INFOPLIST_FILE = FB_search2Tests/Info.plist;
				LD_RUNPATH_SEARCH_PATHS = "$(inherited) @executable_path/Frameworks @loader_path/Frameworks";
				PRODUCT_BUNDLE_IDENTIFIER = "self.FB-search2Tests";
				PRODUCT_NAME = "$(TARGET_NAME)";
				SWIFT_VERSION = 3.0;
				TEST_HOST = "$(BUILT_PRODUCTS_DIR)/FB_search2.app/FB_search2";
			};
			name = Release;
		};
		D7F09A321E9D402E0050A301 /* Debug */ = {
			isa = XCBuildConfiguration;
			buildSettings = {
				ALWAYS_EMBED_SWIFT_STANDARD_LIBRARIES = YES;
				DEVELOPMENT_TEAM = Z2A3M2A37L;
				INFOPLIST_FILE = FB_search2UITests/Info.plist;
				LD_RUNPATH_SEARCH_PATHS = "$(inherited) @executable_path/Frameworks @loader_path/Frameworks";
				PRODUCT_BUNDLE_IDENTIFIER = "self.FB-search2UITests";
				PRODUCT_NAME = "$(TARGET_NAME)";
				SWIFT_VERSION = 3.0;
				TEST_TARGET_NAME = FB_search2;
			};
			name = Debug;
		};
		D7F09A331E9D402E0050A301 /* Release */ = {
			isa = XCBuildConfiguration;
			buildSettings = {
				ALWAYS_EMBED_SWIFT_STANDARD_LIBRARIES = YES;
				DEVELOPMENT_TEAM = Z2A3M2A37L;
				INFOPLIST_FILE = FB_search2UITests/Info.plist;
				LD_RUNPATH_SEARCH_PATHS = "$(inherited) @executable_path/Frameworks @loader_path/Frameworks";
				PRODUCT_BUNDLE_IDENTIFIER = "self.FB-search2UITests";
				PRODUCT_NAME = "$(TARGET_NAME)";
				SWIFT_VERSION = 3.0;
				TEST_TARGET_NAME = FB_search2;
			};
			name = Release;
		};
/* End XCBuildConfiguration section */

/* Begin XCConfigurationList section */
		D7F099FE1E9D402D0050A301 /* Build configuration list for PBXProject "FB_search2" */ = {
			isa = XCConfigurationList;
			buildConfigurations = (
				D7F09A291E9D402E0050A301 /* Debug */,
				D7F09A2A1E9D402E0050A301 /* Release */,
			);
			defaultConfigurationIsVisible = 0;
			defaultConfigurationName = Release;
		};
		D7F09A2B1E9D402E0050A301 /* Build configuration list for PBXNativeTarget "FB_search2" */ = {
			isa = XCConfigurationList;
			buildConfigurations = (
				D7F09A2C1E9D402E0050A301 /* Debug */,
				D7F09A2D1E9D402E0050A301 /* Release */,
			);
			defaultConfigurationIsVisible = 0;
		};
		D7F09A2E1E9D402E0050A301 /* Build configuration list for PBXNativeTarget "FB_search2Tests" */ = {
			isa = XCConfigurationList;
			buildConfigurations = (
				D7F09A2F1E9D402E0050A301 /* Debug */,
				D7F09A301E9D402E0050A301 /* Release */,
			);
			defaultConfigurationIsVisible = 0;
		};
		D7F09A311E9D402E0050A301 /* Build configuration list for PBXNativeTarget "FB_search2UITests" */ = {
			isa = XCConfigurationList;
			buildConfigurations = (
				D7F09A321E9D402E0050A301 /* Debug */,
				D7F09A331E9D402E0050A301 /* Release */,
			);
			defaultConfigurationIsVisible = 0;
		};
/* End XCConfigurationList section */
	};
	rootObject = D7F099FB1E9D402D0050A301 /* Project object */;
}
